
Microsoft Visual Studio Solution File, Format Version 12.00
# Visual Studio 14
VisualStudioVersion = 14.0.23107.0
MinimumVisualStudioVersion = 10.0.40219.1
Project("{FAE04EC0-301F-11D3-BF4B-00C04F79EFBC}") = "Parmalen.Contracts", "Parmalen.Contracts\Parmalen.Contracts.csproj", "{E7004FCC-27B4-4C95-904D-4D0867D4161B}"
EndProject
Project("{FAE04EC0-301F-11D3-BF4B-00C04F79EFBC}") = "Parmalen.Engine", "Parmalen.Engine\Parmalen.Engine.csproj", "{FCDF9CB7-30BD-4F81-9E22-2E1D8994752A}"
	ProjectSection(ProjectDependencies) = postProject
		{37A9C660-0E03-4743-B386-941B41FF9080} = {37A9C660-0E03-4743-B386-941B41FF9080}
	EndProjectSection
EndProject
Project("{2150E333-8FDC-42A3-9474-1A3956D46DE8}") = "Plugins", "Plugins", "{FFF6A652-D1A9-406D-8079-91AB6A8399A0}"
EndProject
Project("{FAE04EC0-301F-11D3-BF4B-00C04F79EFBC}") = "Parmalen.Weather", "Plugins\Parmalen.Weather\Parmalen.Weather.csproj", "{37A9C660-0E03-4743-B386-941B41FF9080}"
EndProject
Project("{2150E333-8FDC-42A3-9474-1A3956D46DE8}") = "Solution Items", "Solution Items", "{E16F9CBE-CF9F-4401-ABAA-E5A64A96E332}"
	ProjectSection(SolutionItems) = preProject
		README.md = README.md
	EndProjectSection
EndProject
Global
	GlobalSection(SolutionConfigurationPlatforms) = preSolution
		Debug|Any CPU = Debug|Any CPU
		Release|Any CPU = Release|Any CPU
	EndGlobalSection
	GlobalSection(ProjectConfigurationPlatforms) = postSolution
		{E7004FCC-27B4-4C95-904D-4D0867D4161B}.Debug|Any CPU.ActiveCfg = Debug|Any CPU
		{E7004FCC-27B4-4C95-904D-4D0867D4161B}.Debug|Any CPU.Build.0 = Debug|Any CPU
		{E7004FCC-27B4-4C95-904D-4D0867D4161B}.Release|Any CPU.ActiveCfg = Release|Any CPU
		{E7004FCC-27B4-4C95-904D-4D0867D4161B}.Release|Any CPU.Build.0 = Release|Any CPU
		{FCDF9CB7-30BD-4F81-9E22-2E1D8994752A}.Debug|Any CPU.ActiveCfg = Debug|Any CPU
		{FCDF9CB7-30BD-4F81-9E22-2E1D8994752A}.Debug|Any CPU.Build.0 = Debug|Any CPU
		{FCDF9CB7-30BD-4F81-9E22-2E1D8994752A}.Release|Any CPU.ActiveCfg = Release|Any CPU
		{FCDF9CB7-30BD-4F81-9E22-2E1D8994752A}.Release|Any CPU.Build.0 = Release|Any CPU
		{37A9C660-0E03-4743-B386-941B41FF9080}.Debug|Any CPU.ActiveCfg = Debug|Any CPU
		{37A9C660-0E03-4743-B386-941B41FF9080}.Debug|Any CPU.Build.0 = Debug|Any CPU
		{37A9C660-0E03-4743-B386-941B41FF9080}.Release|Any CPU.ActiveCfg = Release|Any CPU
		{37A9C660-0E03-4743-B386-941B41FF9080}.Release|Any CPU.Build.0 = Release|Any CPU
	EndGlobalSection
	GlobalSection(SolutionProperties) = preSolution
		HideSolutionNode = FALSE
	EndGlobalSection
	GlobalSection(NestedProjects) = preSolution
		{37A9C660-0E03-4743-B386-941B41FF9080} = {FFF6A652-D1A9-406D-8079-91AB6A8399A0}
	EndGlobalSection
EndGlobal
